
Microsoft Visual Studio Solution File, Format Version 11.00
# Visual Studio 2010
VisualStudioVersion = 12.0.21005.1
MinimumVisualStudioVersion = 10.0.40219.1
Project("{F184B08F-C81C-45F6-A57F-5ABD9991F28F}") = "学生管理", "学生管理\学生管理.vbproj", "{34109EC1-C34E-4F08-97FD-137A709C9744}"
EndProject
Global
	GlobalSection(SolutionConfigurationPlatforms) = preSolution
		Debug|Any CPU = Debug|Any CPU
		Release|Any CPU = Release|Any CPU
	EndGlobalSection
	GlobalSection(ProjectConfigurationPlatforms) = postSolution
		{34109EC1-C34E-4F08-97FD-137A709C9744}.Debug|Any CPU.ActiveCfg = Debug|Any CPU
		{34109EC1-C34E-4F08-97FD-137A709C9744}.Debug|Any CPU.Build.0 = Debug|Any CPU
		{34109EC1-C34E-4F08-97FD-137A709C9744}.Release|Any CPU.ActiveCfg = Release|Any CPU
		{34109EC1-C34E-4F08-97FD-137A709C9744}.Release|Any CPU.Build.0 = Release|Any CPU
	EndGlobalSection
	GlobalSection(SolutionProperties) = preSolution
		HideSolutionNode = FALSE
	EndGlobalSection
	GlobalSection(ExtensibilityGlobals) = postSolution
		SolutionGuid = {42BEFED0-EB0A-4CCA-92F8-C7F228D0BDB7}
	EndGlobalSection
EndGlobal
